
Microsoft Visual Studio Solution File, Format Version 12.00
# Visual Studio Version 16
VisualStudioVersion = 16.0.30204.135
MinimumVisualStudioVersion = 10.0.40219.1
Project("{FAE04EC0-301F-11D3-BF4B-00C04F79EFBC}") = "MergeNames", "MergeNames\MergeNames.csproj", "{6C8E3E96-1564-4EC7-811E-712A0305EAEB}"
EndProject
Global
	GlobalSection(SolutionConfigurationPlatforms) = preSolution
		Debug|Any CPU = Debug|Any CPU
		Release|Any CPU = Release|Any CPU
	EndGlobalSection
	GlobalSection(ProjectConfigurationPlatforms) = postSolution
		{6C8E3E96-1564-4EC7-811E-712A0305EAEB}.Debug|Any CPU.ActiveCfg = Debug|Any CPU
		{6C8E3E96-1564-4EC7-811E-712A0305EAEB}.Debug|Any CPU.Build.0 = Debug|Any CPU
		{6C8E3E96-1564-4EC7-811E-712A0305EAEB}.Release|Any CPU.ActiveCfg = Release|Any CPU
		{6C8E3E96-1564-4EC7-811E-712A0305EAEB}.Release|Any CPU.Build.0 = Release|Any CPU
	EndGlobalSection
	GlobalSection(SolutionProperties) = preSolution
		HideSolutionNode = FALSE
	EndGlobalSection
	GlobalSection(ExtensibilityGlobals) = postSolution
		SolutionGuid = {E46804F4-6A7D-4D7B-8B0E-E5C0BE06493F}
	EndGlobalSection
EndGlobal
